// !$*UTF8*$!
{
	archiveVersion = 1;
	classes = {
	};
	objectVersion = 46;
	objects = {

/* Begin PBXBuildFile section */
		40306E891B4A1CDC00631950 /* AppDelegate.swift in Sources */ = {isa = PBXBuildFile; fileRef = 40306E881B4A1CDC00631950 /* AppDelegate.swift */; };
		40306E8B1B4A1CDC00631950 /* ViewController.swift in Sources */ = {isa = PBXBuildFile; fileRef = 40306E8A1B4A1CDC00631950 /* ViewController.swift */; };
		40306E8E1B4A1CDC00631950 /* Main.storyboard in Resources */ = {isa = PBXBuildFile; fileRef = 40306E8C1B4A1CDC00631950 /* Main.storyboard */; };
		40306E901B4A1CDC00631950 /* Images.xcassets in Resources */ = {isa = PBXBuildFile; fileRef = 40306E8F1B4A1CDC00631950 /* Images.xcassets */; };
		40306E931B4A1CDC00631950 /* LaunchScreen.xib in Resources */ = {isa = PBXBuildFile; fileRef = 40306E911B4A1CDC00631950 /* LaunchScreen.xib */; };
		40306E9F1B4A1CDC00631950 /* ShoeConverterTests.swift in Sources */ = {isa = PBXBuildFile; fileRef = 40306E9E1B4A1CDC00631950 /* ShoeConverterTests.swift */; };
/* End PBXBuildFile section */

/* Begin PBXContainerItemProxy section */
		40306E991B4A1CDC00631950 /* PBXContainerItemProxy */ = {
			isa = PBXContainerItemProxy;
			containerPortal = 40306E7B1B4A1CDC00631950 /* Project object */;
			proxyType = 1;
			remoteGlobalIDString = 40306E821B4A1CDC00631950;
			remoteInfo = ShoeConverter;
		};
/* End PBXContainerItemProxy section */

/* Begin PBXFileReference section */
		40306E831B4A1CDC00631950 /* ShoeConverter.app */ = {isa = PBXFileReference; explicitFileType = wrapper.application; includeInIndex = 0; path = ShoeConverter.app; sourceTree = BUILT_PRODUCTS_DIR; };
		40306E871B4A1CDC00631950 /* Info.plist */ = {isa = PBXFileReference; lastKnownFileType = text.plist.xml; path = Info.plist; sourceTree = "<group>"; };
		40306E881B4A1CDC00631950 /* AppDelegate.swift */ = {isa = PBXFileReference; lastKnownFileType = sourcecode.swift; path = AppDelegate.swift; sourceTree = "<group>"; };
		40306E8A1B4A1CDC00631950 /* ViewController.swift */ = {isa = PBXFileReference; lastKnownFileType = sourcecode.swift; path = ViewController.swift; sourceTree = "<group>"; };
		40306E8D1B4A1CDC00631950 /* Base */ = {isa = PBXFileReference; lastKnownFileType = file.storyboard; name = Base; path = Base.lproj/Main.storyboard; sourceTree = "<group>"; };
		40306E8F1B4A1CDC00631950 /* Images.xcassets */ = {isa = PBXFileReference; lastKnownFileType = folder.assetcatalog; path = Images.xcassets; sourceTree = "<group>"; };
		40306E921B4A1CDC00631950 /* Base */ = {isa = PBXFileReference; lastKnownFileType = file.xib; name = Base; path = Base.lproj/LaunchScreen.xib; sourceTree = "<group>"; };
		40306E981B4A1CDC00631950 /* ShoeConverterTests.xctest */ = {isa = PBXFileReference; explicitFileType = wrapper.cfbundle; includeInIndex = 0; path = ShoeConverterTests.xctest; sourceTree = BUILT_PRODUCTS_DIR; };
		40306E9D1B4A1CDC00631950 /* Info.plist */ = {isa = PBXFileReference; lastKnownFileType = text.plist.xml; path = Info.plist; sourceTree = "<group>"; };
		40306E9E1B4A1CDC00631950 /* ShoeConverterTests.swift */ = {isa = PBXFileReference; lastKnownFileType = sourcecode.swift; path = ShoeConverterTests.swift; sourceTree = "<group>"; };
/* End PBXFileReference section */

/* Begin PBXFrameworksBuildPhase section */
		40306E801B4A1CDC00631950 /* Frameworks */ = {
			isa = PBXFrameworksBuildPhase;
			buildActionMask = 2147483647;
			files = (
			);
			runOnlyForDeploymentPostprocessing = 0;
		};
		40306E951B4A1CDC00631950 /* Frameworks */ = {
			isa = PBXFrameworksBuildPhase;
			buildActionMask = 2147483647;
			files = (
			);
			runOnlyForDeploymentPostprocessing = 0;
		};
/* End PBXFrameworksBuildPhase section */

/* Begin PBXGroup section */
		40306E7A1B4A1CDC00631950 = {
			isa = PBXGroup;
			children = (
				40306E851B4A1CDC00631950 /* ShoeConverter */,
				40306E9B1B4A1CDC00631950 /* ShoeConverterTests */,
				40306E841B4A1CDC00631950 /* Products */,
			);
			sourceTree = "<group>";
		};
		40306E841B4A1CDC00631950 /* Products */ = {
			isa = PBXGroup;
			children = (
				40306E831B4A1CDC00631950 /* ShoeConverter.app */,
				40306E981B4A1CDC00631950 /* ShoeConverterTests.xctest */,
			);
			name = Products;
			sourceTree = "<group>";
		};
		40306E851B4A1CDC00631950 /* ShoeConverter */ = {
			isa = PBXGroup;
			children = (
				40306E881B4A1CDC00631950 /* AppDelegate.swift */,
				40306E8A1B4A1CDC00631950 /* ViewController.swift */,
				40306E8C1B4A1CDC00631950 /* Main.storyboard */,
				40306E8F1B4A1CDC00631950 /* Images.xcassets */,
				40306E911B4A1CDC00631950 /* LaunchScreen.xib */,
				40306E861B4A1CDC00631950 /* Supporting Files */,
			);
			path = ShoeConverter;
			sourceTree = "<group>";
		};
		40306E861B4A1CDC00631950 /* Supporting Files */ = {
			isa = PBXGroup;
			children = (
				40306E871B4A1CDC00631950 /* Info.plist */,
			);
			name = "Supporting Files";
			sourceTree = "<group>";
		};
		40306E9B1B4A1CDC00631950 /* ShoeConverterTests */ = {
			isa = PBXGroup;
			children = (
				40306E9E1B4A1CDC00631950 /* ShoeConverterTests.swift */,
				40306E9C1B4A1CDC00631950 /* Supporting Files */,
			);
			path = ShoeConverterTests;
			sourceTree = "<group>";
		};
		40306E9C1B4A1CDC00631950 /* Supporting Files */ = {
			isa = PBXGroup;
			children = (
				40306E9D1B4A1CDC00631950 /* Info.plist */,
			);
			name = "Supporting Files";
			sourceTree = "<group>";
		};
/* End PBXGroup section */

/* Begin PBXNativeTarget section */
		40306E821B4A1CDC00631950 /* ShoeConverter */ = {
			isa = PBXNativeTarget;
			buildConfigurationList = 40306EA21B4A1CDD00631950 /* Build configuration list for PBXNativeTarget "ShoeConverter" */;
			buildPhases = (
				40306E7F1B4A1CDC00631950 /* Sources */,
				40306E801B4A1CDC00631950 /* Frameworks */,
				40306E811B4A1CDC00631950 /* Resources */,
			);
			buildRules = (
			);
			dependencies = (
			);
			name = ShoeConverter;
			productName = ShoeConverter;
			productReference = 40306E831B4A1CDC00631950 /* ShoeConverter.app */;
			productType = "com.apple.product-type.application";
		};
		40306E971B4A1CDC00631950 /* ShoeConverterTests */ = {
			isa = PBXNativeTarget;
			buildConfigurationList = 40306EA51B4A1CDD00631950 /* Build configuration list for PBXNativeTarget "ShoeConverterTests" */;
			buildPhases = (
				40306E941B4A1CDC00631950 /* Sources */,
				40306E951B4A1CDC00631950 /* Frameworks */,
				40306E961B4A1CDC00631950 /* Resources */,
			);
			buildRules = (
			);
			dependencies = (
				40306E9A1B4A1CDC00631950 /* PBXTargetDependency */,
			);
			name = ShoeConverterTests;
			productName = ShoeConverterTests;
			productReference = 40306E981B4A1CDC00631950 /* ShoeConverterTests.xctest */;
			productType = "com.apple.product-type.bundle.unit-test";
		};
/* End PBXNativeTarget section */

/* Begin PBXProject section */
		40306E7B1B4A1CDC00631950 /* Project object */ = {
			isa = PBXProject;
			attributes = {
				LastUpgradeCheck = 0640;
				ORGANIZATIONNAME = Engene;
				TargetAttributes = {
					40306E821B4A1CDC00631950 = {
						CreatedOnToolsVersion = 6.4;
					};
					40306E971B4A1CDC00631950 = {
						CreatedOnToolsVersion = 6.4;
						TestTargetID = 40306E821B4A1CDC00631950;
					};
				};
			};
			buildConfigurationList = 40306E7E1B4A1CDC00631950 /* Build configuration list for PBXProject "ShoeConverter" */;
			compatibilityVersion = "Xcode 3.2";
			developmentRegion = English;
			hasScannedForEncodings = 0;
			knownRegions = (
				en,
				Base,
			);
			mainGroup = 40306E7A1B4A1CDC00631950;
			productRefGroup = 40306E841B4A1CDC00631950 /* Products */;
			projectDirPath = "";
			projectRoot = "";
			targets = (
				40306E821B4A1CDC00631950 /* ShoeConverter */,
				40306E971B4A1CDC00631950 /* ShoeConverterTests */,
			);
		};
/* End PBXProject section */

/* Begin PBXResourcesBuildPhase section */
		40306E811B4A1CDC00631950 /* Resources */ = {
			isa = PBXResourcesBuildPhase;
			buildActionMask = 2147483647;
			files = (
				40306E8E1B4A1CDC00631950 /* Main.storyboard in Resources */,
				40306E931B4A1CDC00631950 /* LaunchScreen.xib in Resources */,
				40306E901B4A1CDC00631950 /* Images.xcassets in Resources */,
			);
			runOnlyForDeploymentPostprocessing = 0;
		};
		40306E961B4A1CDC00631950 /* Resources */ = {
			isa = PBXResourcesBuildPhase;
			buildActionMask = 2147483647;
			files = (
			);
			runOnlyForDeploymentPostprocessing = 0;
		};
/* End PBXResourcesBuildPhase section */

/* Begin PBXSourcesBuildPhase section */
		40306E7F1B4A1CDC00631950 /* Sources */ = {
			isa = PBXSourcesBuildPhase;
			buildActionMask = 2147483647;
			files = (
				40306E8B1B4A1CDC00631950 /* ViewController.swift in Sources */,
				40306E891B4A1CDC00631950 /* AppDelegate.swift in Sources */,
			);
			runOnlyForDeploymentPostprocessing = 0;
		};
		40306E941B4A1CDC00631950 /* Sources */ = {
			isa = PBXSourcesBuildPhase;
			buildActionMask = 2147483647;
			files = (
				40306E9F1B4A1CDC00631950 /* ShoeConverterTests.swift in Sources */,
			);
			runOnlyForDeploymentPostprocessing = 0;
		};
/* End PBXSourcesBuildPhase section */

/* Begin PBXTargetDependency section */
		40306E9A1B4A1CDC00631950 /* PBXTargetDependency */ = {
			isa = PBXTargetDependency;
			target = 40306E821B4A1CDC00631950 /* ShoeConverter */;
			targetProxy = 40306E991B4A1CDC00631950 /* PBXContainerItemProxy */;
		};
/* End PBXTargetDependency section */

/* Begin PBXVariantGroup section */
		40306E8C1B4A1CDC00631950 /* Main.storyboard */ = {
			isa = PBXVariantGroup;
			children = (
				40306E8D1B4A1CDC00631950 /* Base */,
			);
			name = Main.storyboard;
			sourceTree = "<group>";
		};
		40306E911B4A1CDC00631950 /* LaunchScreen.xib */ = {
			isa = PBXVariantGroup;
			children = (
				40306E921B4A1CDC00631950 /* Base */,
			);
			name = LaunchScreen.xib;
			sourceTree = "<group>";
		};
/* End PBXVariantGroup section */

/* Begin XCBuildConfiguration section */
		40306EA01B4A1CDD00631950 /* Debug */ = {
			isa = XCBuildConfiguration;
			buildSettings = {
				ALWAYS_SEARCH_USER_PATHS = NO;
				CLANG_CXX_LANGUAGE_STANDARD = "gnu++0x";
				CLANG_CXX_LIBRARY = "libc++";
				CLANG_ENABLE_MODULES = YES;
				CLANG_ENABLE_OBJC_ARC = YES;
				CLANG_WARN_BOOL_CONVERSION = YES;
				CLANG_WARN_CONSTANT_CONVERSION = YES;
				CLANG_WARN_DIRECT_OBJC_ISA_USAGE = YES_ERROR;
				CLANG_WARN_EMPTY_BODY = YES;
				CLANG_WARN_ENUM_CONVERSION = YES;
				CLANG_WARN_INT_CONVERSION = YES;
				CLANG_WARN_OBJC_ROOT_CLASS = YES_ERROR;
				CLANG_WARN_UNREACHABLE_CODE = YES;
				CLANG_WARN__DUPLICATE_METHOD_MATCH = YES;
				"CODE_SIGN_IDENTITY[sdk=iphoneos*]" = "iPhone Developer";
				COPY_PHASE_STRIP = NO;
				DEBUG_INFORMATION_FORMAT = "dwarf-with-dsym";
				ENABLE_STRICT_OBJC_MSGSEND = YES;
				GCC_C_LANGUAGE_STANDARD = gnu99;
				GCC_DYNAMIC_NO_PIC = NO;
				GCC_NO_COMMON_BLOCKS = YES;
				GCC_OPTIMIZATION_LEVEL = 0;
				GCC_PREPROCESSOR_DEFINITIONS = (
					"DEBUG=1",
					"$(inherited)",
				);
				GCC_SYMBOLS_PRIVATE_EXTERN = NO;
				GCC_WARN_64_TO_32_BIT_CONVERSION = YES;
				GCC_WARN_ABOUT_RETURN_TYPE = YES_ERROR;
				GCC_WARN_UNDECLARED_SELECTOR = YES;
				GCC_WARN_UNINITIALIZED_AUTOS = YES_AGGRESSIVE;
				GCC_WARN_UNUSED_FUNCTION = YES;
				GCC_WARN_UNUSED_VARIABLE = YES;
				IPHONEOS_DEPLOYMENT_TARGET = 8.4;
				MTL_ENABLE_DEBUG_INFO = YES;
				ONLY_ACTIVE_ARCH = YES;
				SDKROOT = iphoneos;
				SWIFT_OPTIMIZATION_LEVEL = "-Onone";
				TARGETED_DEVICE_FAMILY = "1,2";
			};
			name = Debug;
		};
		40306EA11B4A1CDD00631950 /* Release */ = {
			isa = XCBuildConfiguration;
			buildSettings = {
				ALWAYS_SEARCH_USER_PATHS = NO;
				CLANG_CXX_LANGUAGE_STANDARD = "gnu++0x";
				CLANG_CXX_LIBRARY = "libc++";
				CLANG_ENABLE_MODULES = YES;
				CLANG_ENABLE_OBJC_ARC = YES;
				CLANG_WARN_BOOL_CONVERSION = YES;
				CLANG_WARN_CONSTANT_CONVERSION = YES;
				CLANG_WARN_DIRECT_OBJC_ISA_USAGE = YES_ERROR;
				CLANG_WARN_EMPTY_BODY = YES;
				CLANG_WARN_ENUM_CONVERSION = YES;
				CLANG_WARN_INT_CONVERSION = YES;
				CLANG_WARN_OBJC_ROOT_CLASS = YES_ERROR;
				CLANG_WARN_UNREACHABLE_CODE = YES;
				CLANG_WARN__DUPLICATE_METHOD_MATCH = YES;
				"CODE_SIGN_IDENTITY[sdk=iphoneos*]" = "iPhone Developer";
				COPY_PHASE_STRIP = NO;
				DEBUG_INFORMATION_FORMAT = "dwarf-with-dsym";
				ENABLE_NS_ASSERTIONS = NO;
				ENABLE_STRICT_OBJC_MSGSEND = YES;
				GCC_C_LANGUAGE_STANDARD = gnu99;
				GCC_NO_COMMON_BLOCKS = YES;
				GCC_WARN_64_TO_32_BIT_CONVERSION = YES;
				GCC_WARN_ABOUT_RETURN_TYPE = YES_ERROR;
				GCC_WARN_UNDECLARED_SELECTOR = YES;
				GCC_WARN_UNINITIALIZED_AUTOS = YES_AGGRESSIVE;
				GCC_WARN_UNUSED_FUNCTION = YES;
				GCC_WARN_UNUSED_VARIABLE = YES;
				IPHONEOS_DEPLOYMENT_TARGET = 8.4;
				MTL_ENABLE_DEBUG_INFO = NO;
				SDKROOT = iphoneos;
				TARGETED_DEVICE_FAMILY = "1,2";
				VALIDATE_PRODUCT = YES;
			};
			name = Release;
		};
		40306EA31B4A1CDD00631950 /* Debug */ = {
			isa = XCBuildConfiguration;
			buildSettings = {
				ASSETCATALOG_COMPILER_APPICON_NAME = AppIcon;
				INFOPLIST_FILE = ShoeConverter/Info.plist;
				LD_RUNPATH_SEARCH_PATHS = "$(inherited) @executable_path/Frameworks";
				PRODUCT_NAME = "$(TARGET_NAME)";
			};
			name = Debug;
		};
		40306EA41B4A1CDD00631950 /* Release */ = {
			isa = XCBuildConfiguration;
			buildSettings = {
				ASSETCATALOG_COMPILER_APPICON_NAME = AppIcon;
				INFOPLIST_FILE = ShoeConverter/Info.plist;
				LD_RUNPATH_SEARCH_PATHS = "$(inherited) @executable_path/Frameworks";
				PRODUCT_NAME = "$(TARGET_NAME)";
			};
			name = Release;
		};
		40306EA61B4A1CDD00631950 /* Debug */ = {
			isa = XCBuildConfiguration;
			buildSettings = {
				BUNDLE_LOADER = "$(TEST_HOST)";
				FRAMEWORK_SEARCH_PATHS = (
					"$(SDKROOT)/Developer/Library/Frameworks",
					"$(inherited)",
				);
				GCC_PREPROCESSOR_DEFINITIONS = (
					"DEBUG=1",
					"$(inherited)",
				);
				INFOPLIST_FILE = ShoeConverterTests/Info.plist;
				LD_RUNPATH_SEARCH_PATHS = "$(inherited) @executable_path/Frameworks @loader_path/Frameworks";
				PRODUCT_NAME = "$(TARGET_NAME)";
				TEST_HOST = "$(BUILT_PRODUCTS_DIR)/ShoeConverter.app/ShoeConverter";
			};
			name = Debug;
		};
		40306EA71B4A1CDD00631950 /* Release */ = {
			isa = XCBuildConfiguration;
			buildSettings = {
				BUNDLE_LOADER = "$(TEST_HOST)";
				FRAMEWORK_SEARCH_PATHS = (
					"$(SDKROOT)/Developer/Library/Frameworks",
					"$(inherited)",
				);
				INFOPLIST_FILE = ShoeConverterTests/Info.plist;
				LD_RUNPATH_SEARCH_PATHS = "$(inherited) @executable_path/Frameworks @loader_path/Frameworks";
				PRODUCT_NAME = "$(TARGET_NAME)";
				TEST_HOST = "$(BUILT_PRODUCTS_DIR)/ShoeConverter.app/ShoeConverter";
			};
			name = Release;
		};
/* End XCBuildConfiguration section */

/* Begin XCConfigurationList section */
		40306E7E1B4A1CDC00631950 /* Build configuration list for PBXProject "ShoeConverter" */ = {
			isa = XCConfigurationList;
			buildConfigurations = (
				40306EA01B4A1CDD00631950 /* Debug */,
				40306EA11B4A1CDD00631950 /* Release */,
			);
			defaultConfigurationIsVisible = 0;
			defaultConfigurationName = Release;
		};
		40306EA21B4A1CDD00631950 /* Build configuration list for PBXNativeTarget "ShoeConverter" */ = {
			isa = XCConfigurationList;
			buildConfigurations = (
				40306EA31B4A1CDD00631950 /* Debug */,
				40306EA41B4A1CDD00631950 /* Release */,
			);
			defaultConfigurationIsVisible = 0;
		};
		40306EA51B4A1CDD00631950 /* Build configuration list for PBXNativeTarget "ShoeConverterTests" */ = {
			isa = XCConfigurationList;
			buildConfigurations = (
				40306EA61B4A1CDD00631950 /* Debug */,
				40306EA71B4A1CDD00631950 /* Release */,
			);
			defaultConfigurationIsVisible = 0;
		};
/* End XCConfigurationList section */
	};
	rootObject = 40306E7B1B4A1CDC00631950 /* Project object */;
}
